
Microsoft Visual Studio Solution File, Format Version 12.00
# Visual Studio Version 17
VisualStudioVersion = 17.5.002.0
MinimumVisualStudioVersion = 10.0.40219.1
Project("{9A19103F-16F7-4668-BE54-9A1E7A4F7556}") = "CallMeKnight", "CallMeKnight.csproj", "{0B24FDB7-181F-42B1-9826-A06BEAB006E1}"
EndProject
Global
	GlobalSection(SolutionConfigurationPlatforms) = preSolution
		Debug|Any CPU = Debug|Any CPU
		Release|Any CPU = Release|Any CPU
	EndGlobalSection
	GlobalSection(ProjectConfigurationPlatforms) = postSolution
		{0B24FDB7-181F-42B1-9826-A06BEAB006E1}.Debug|Any CPU.ActiveCfg = Debug|Any CPU
		{0B24FDB7-181F-42B1-9826-A06BEAB006E1}.Debug|Any CPU.Build.0 = Debug|Any CPU
		{0B24FDB7-181F-42B1-9826-A06BEAB006E1}.Release|Any CPU.ActiveCfg = Release|Any CPU
		{0B24FDB7-181F-42B1-9826-A06BEAB006E1}.Release|Any CPU.Build.0 = Release|Any CPU
	EndGlobalSection
	GlobalSection(SolutionProperties) = preSolution
		HideSolutionNode = FALSE
	EndGlobalSection
	GlobalSection(ExtensibilityGlobals) = postSolution
		SolutionGuid = {57D7774F-1D7D-443E-BABF-0C3C8B5CEEA9}
	EndGlobalSection
EndGlobal
